
Microsoft Visual Studio Solution File, Format Version 12.00
# Visual Studio Version 17
VisualStudioVersion = 17.11.35312.102
MinimumVisualStudioVersion = 10.0.40219.1
Project("{FAE04EC0-301F-11D3-BF4B-00C04F79EFBC}") = "Projecte 1", "Projecte 1\Projecte 1.csproj", "{EE57094D-D93C-43FA-92A6-C1C47665A689}"
EndProject
Global
	GlobalSection(SolutionConfigurationPlatforms) = preSolution
		Debug|Any CPU = Debug|Any CPU
		Release|Any CPU = Release|Any CPU
	EndGlobalSection
	GlobalSection(ProjectConfigurationPlatforms) = postSolution
		{EE57094D-D93C-43FA-92A6-C1C47665A689}.Debug|Any CPU.ActiveCfg = Debug|Any CPU
		{EE57094D-D93C-43FA-92A6-C1C47665A689}.Debug|Any CPU.Build.0 = Debug|Any CPU
		{EE57094D-D93C-43FA-92A6-C1C47665A689}.Release|Any CPU.ActiveCfg = Release|Any CPU
		{EE57094D-D93C-43FA-92A6-C1C47665A689}.Release|Any CPU.Build.0 = Release|Any CPU
	EndGlobalSection
	GlobalSection(SolutionProperties) = preSolution
		HideSolutionNode = FALSE
	EndGlobalSection
	GlobalSection(ExtensibilityGlobals) = postSolution
		SolutionGuid = {7F7AF5AA-3358-494F-A4C3-A843C4BD87A6}
	EndGlobalSection
EndGlobal
